
Microsoft Visual Studio Solution File, Format Version 12.00
# Visual Studio Version 16
VisualStudioVersion = 16.0.31729.503
MinimumVisualStudioVersion = 10.0.40219.1
Project("{FAE04EC0-301F-11D3-BF4B-00C04F79EFBC}") = "AveBededinYerinDeyis", "ConsoleApp1\AveBededinYerinDeyis.csproj", "{681AB9A2-7892-4367-AED2-BF2463623F06}"
EndProject
Global
	GlobalSection(SolutionConfigurationPlatforms) = preSolution
		Debug|Any CPU = Debug|Any CPU
		Release|Any CPU = Release|Any CPU
	EndGlobalSection
	GlobalSection(ProjectConfigurationPlatforms) = postSolution
		{681AB9A2-7892-4367-AED2-BF2463623F06}.Debug|Any CPU.ActiveCfg = Debug|Any CPU
		{681AB9A2-7892-4367-AED2-BF2463623F06}.Debug|Any CPU.Build.0 = Debug|Any CPU
		{681AB9A2-7892-4367-AED2-BF2463623F06}.Release|Any CPU.ActiveCfg = Release|Any CPU
		{681AB9A2-7892-4367-AED2-BF2463623F06}.Release|Any CPU.Build.0 = Release|Any CPU
	EndGlobalSection
	GlobalSection(SolutionProperties) = preSolution
		HideSolutionNode = FALSE
	EndGlobalSection
	GlobalSection(ExtensibilityGlobals) = postSolution
		SolutionGuid = {BDE3C447-6750-4841-8FC1-C786A7697D7D}
	EndGlobalSection
EndGlobal
